// !$*UTF8*$!
{
	archiveVersion = 1;
	classes = {
	};
	objectVersion = 46;
	objects = {

/* Begin PBXBuildFile section */
		3112361B18FFF28500020E6F /* RootClass.m in Sources */ = {isa = PBXBuildFile; fileRef = 3112361A18FFF28500020E6F /* RootClass.m */; };
		3112361E1900998C00020E6F /* NSObject+DynamicProperties.m in Sources */ = {isa = PBXBuildFile; fileRef = 3112361D1900998C00020E6F /* NSObject+DynamicProperties.m */; };
		3112361F190099ED00020E6F /* NSObject+DynamicProperties.m in Sources */ = {isa = PBXBuildFile; fileRef = 3112361D1900998C00020E6F /* NSObject+DynamicProperties.m */; };
		318EE54718FFE708007F24D7 /* Foundation.framework in Frameworks */ = {isa = PBXBuildFile; fileRef = 318EE54618FFE708007F24D7 /* Foundation.framework */; };
		318EE54918FFE708007F24D7 /* CoreGraphics.framework in Frameworks */ = {isa = PBXBuildFile; fileRef = 318EE54818FFE708007F24D7 /* CoreGraphics.framework */; };
		318EE54B18FFE708007F24D7 /* UIKit.framework in Frameworks */ = {isa = PBXBuildFile; fileRef = 318EE54A18FFE708007F24D7 /* UIKit.framework */; };
		318EE55118FFE708007F24D7 /* InfoPlist.strings in Resources */ = {isa = PBXBuildFile; fileRef = 318EE54F18FFE708007F24D7 /* InfoPlist.strings */; };
		318EE55318FFE708007F24D7 /* main.m in Sources */ = {isa = PBXBuildFile; fileRef = 318EE55218FFE708007F24D7 /* main.m */; };
		318EE55718FFE708007F24D7 /* AppDelegate.m in Sources */ = {isa = PBXBuildFile; fileRef = 318EE55618FFE708007F24D7 /* AppDelegate.m */; };
		318EE55F18FFE709007F24D7 /* Images.xcassets in Resources */ = {isa = PBXBuildFile; fileRef = 318EE55E18FFE709007F24D7 /* Images.xcassets */; };
		318EE56618FFE709007F24D7 /* XCTest.framework in Frameworks */ = {isa = PBXBuildFile; fileRef = 318EE56518FFE709007F24D7 /* XCTest.framework */; };
		318EE56718FFE709007F24D7 /* Foundation.framework in Frameworks */ = {isa = PBXBuildFile; fileRef = 318EE54618FFE708007F24D7 /* Foundation.framework */; };
		318EE56818FFE709007F24D7 /* UIKit.framework in Frameworks */ = {isa = PBXBuildFile; fileRef = 318EE54A18FFE708007F24D7 /* UIKit.framework */; };
		318EE57018FFE709007F24D7 /* InfoPlist.strings in Resources */ = {isa = PBXBuildFile; fileRef = 318EE56E18FFE709007F24D7 /* InfoPlist.strings */; };
		318EE57218FFE709007F24D7 /* DynamicPropertiesTestsSpec.m in Sources */ = {isa = PBXBuildFile; fileRef = 318EE57118FFE709007F24D7 /* DynamicPropertiesTestsSpec.m */; };
		6CD8FE319BF24F098BE8EC47 /* libPods.a in Frameworks */ = {isa = PBXBuildFile; fileRef = C5B31B04E0AD483580AE5460 /* libPods.a */; };
/* End PBXBuildFile section */

/* Begin PBXContainerItemProxy section */
		318EE56918FFE709007F24D7 /* PBXContainerItemProxy */ = {
			isa = PBXContainerItemProxy;
			containerPortal = 318EE53B18FFE708007F24D7 /* Project object */;
			proxyType = 1;
			remoteGlobalIDString = 318EE54218FFE708007F24D7;
			remoteInfo = DynamicProperties;
		};
/* End PBXContainerItemProxy section */

/* Begin PBXFileReference section */
		3112361918FFF28500020E6F /* RootClass.h */ = {isa = PBXFileReference; fileEncoding = 4; lastKnownFileType = sourcecode.c.h; path = RootClass.h; sourceTree = "<group>"; };
		3112361A18FFF28500020E6F /* RootClass.m */ = {isa = PBXFileReference; fileEncoding = 4; lastKnownFileType = sourcecode.c.objc; path = RootClass.m; sourceTree = "<group>"; };
		3112361C1900998C00020E6F /* NSObject+DynamicProperties.h */ = {isa = PBXFileReference; fileEncoding = 4; lastKnownFileType = sourcecode.c.h; path = "NSObject+DynamicProperties.h"; sourceTree = "<group>"; };
		3112361D1900998C00020E6F /* NSObject+DynamicProperties.m */ = {isa = PBXFileReference; fileEncoding = 4; lastKnownFileType = sourcecode.c.objc; path = "NSObject+DynamicProperties.m"; sourceTree = "<group>"; };
		318EE54318FFE708007F24D7 /* DynamicProperties.app */ = {isa = PBXFileReference; explicitFileType = wrapper.application; includeInIndex = 0; path = DynamicProperties.app; sourceTree = BUILT_PRODUCTS_DIR; };
		318EE54618FFE708007F24D7 /* Foundation.framework */ = {isa = PBXFileReference; lastKnownFileType = wrapper.framework; name = Foundation.framework; path = System/Library/Frameworks/Foundation.framework; sourceTree = SDKROOT; };
		318EE54818FFE708007F24D7 /* CoreGraphics.framework */ = {isa = PBXFileReference; lastKnownFileType = wrapper.framework; name = CoreGraphics.framework; path = System/Library/Frameworks/CoreGraphics.framework; sourceTree = SDKROOT; };
		318EE54A18FFE708007F24D7 /* UIKit.framework */ = {isa = PBXFileReference; lastKnownFileType = wrapper.framework; name = UIKit.framework; path = System/Library/Frameworks/UIKit.framework; sourceTree = SDKROOT; };
		318EE54E18FFE708007F24D7 /* DynamicProperties-Info.plist */ = {isa = PBXFileReference; lastKnownFileType = text.plist.xml; path = "DynamicProperties-Info.plist"; sourceTree = "<group>"; };
		318EE55018FFE708007F24D7 /* en */ = {isa = PBXFileReference; lastKnownFileType = text.plist.strings; name = en; path = en.lproj/InfoPlist.strings; sourceTree = "<group>"; };
		318EE55218FFE708007F24D7 /* main.m */ = {isa = PBXFileReference; lastKnownFileType = sourcecode.c.objc; path = main.m; sourceTree = "<group>"; };
		318EE55418FFE708007F24D7 /* DynamicProperties-Prefix.pch */ = {isa = PBXFileReference; lastKnownFileType = sourcecode.c.h; path = "DynamicProperties-Prefix.pch"; sourceTree = "<group>"; };
		318EE55518FFE708007F24D7 /* AppDelegate.h */ = {isa = PBXFileReference; lastKnownFileType = sourcecode.c.h; path = AppDelegate.h; sourceTree = "<group>"; };
		318EE55618FFE708007F24D7 /* AppDelegate.m */ = {isa = PBXFileReference; lastKnownFileType = sourcecode.c.objc; path = AppDelegate.m; sourceTree = "<group>"; };
		318EE55E18FFE709007F24D7 /* Images.xcassets */ = {isa = PBXFileReference; lastKnownFileType = folder.assetcatalog; path = Images.xcassets; sourceTree = "<group>"; };
		318EE56418FFE709007F24D7 /* DynamicPropertiesTests.xctest */ = {isa = PBXFileReference; explicitFileType = wrapper.cfbundle; includeInIndex = 0; path = DynamicPropertiesTests.xctest; sourceTree = BUILT_PRODUCTS_DIR; };
		318EE56518FFE709007F24D7 /* XCTest.framework */ = {isa = PBXFileReference; lastKnownFileType = wrapper.framework; name = XCTest.framework; path = Library/Frameworks/XCTest.framework; sourceTree = DEVELOPER_DIR; };
		318EE56D18FFE709007F24D7 /* DynamicPropertiesTests-Info.plist */ = {isa = PBXFileReference; lastKnownFileType = text.plist.xml; path = "DynamicPropertiesTests-Info.plist"; sourceTree = "<group>"; };
		318EE56F18FFE709007F24D7 /* en */ = {isa = PBXFileReference; lastKnownFileType = text.plist.strings; name = en; path = en.lproj/InfoPlist.strings; sourceTree = "<group>"; };
		318EE57118FFE709007F24D7 /* DynamicPropertiesTestsSpec.m */ = {isa = PBXFileReference; lastKnownFileType = sourcecode.c.objc; path = DynamicPropertiesTestsSpec.m; sourceTree = "<group>"; };
		87AE1574EA5C4418AD2ACF5E /* Pods.xcconfig */ = {isa = PBXFileReference; includeInIndex = 1; lastKnownFileType = text.xcconfig; name = Pods.xcconfig; path = Pods/Pods.xcconfig; sourceTree = "<group>"; };
		C5B31B04E0AD483580AE5460 /* libPods.a */ = {isa = PBXFileReference; explicitFileType = archive.ar; includeInIndex = 0; path = libPods.a; sourceTree = BUILT_PRODUCTS_DIR; };
/* End PBXFileReference section */

/* Begin PBXFrameworksBuildPhase section */
		318EE54018FFE708007F24D7 /* Frameworks */ = {
			isa = PBXFrameworksBuildPhase;
			buildActionMask = 2147483647;
			files = (
				318EE54918FFE708007F24D7 /* CoreGraphics.framework in Frameworks */,
				318EE54B18FFE708007F24D7 /* UIKit.framework in Frameworks */,
				318EE54718FFE708007F24D7 /* Foundation.framework in Frameworks */,
				6CD8FE319BF24F098BE8EC47 /* libPods.a in Frameworks */,
			);
			runOnlyForDeploymentPostprocessing = 0;
		};
		318EE56118FFE709007F24D7 /* Frameworks */ = {
			isa = PBXFrameworksBuildPhase;
			buildActionMask = 2147483647;
			files = (
				318EE56618FFE709007F24D7 /* XCTest.framework in Frameworks */,
				318EE56818FFE709007F24D7 /* UIKit.framework in Frameworks */,
				318EE56718FFE709007F24D7 /* Foundation.framework in Frameworks */,
			);
			runOnlyForDeploymentPostprocessing = 0;
		};
/* End PBXFrameworksBuildPhase section */

/* Begin PBXGroup section */
		318EE53A18FFE708007F24D7 = {
			isa = PBXGroup;
			children = (
				318EE54C18FFE708007F24D7 /* DynamicProperties */,
				318EE56B18FFE709007F24D7 /* DynamicPropertiesTests */,
				318EE54518FFE708007F24D7 /* Frameworks */,
				318EE54418FFE708007F24D7 /* Products */,
				87AE1574EA5C4418AD2ACF5E /* Pods.xcconfig */,
			);
			sourceTree = "<group>";
		};
		318EE54418FFE708007F24D7 /* Products */ = {
			isa = PBXGroup;
			children = (
				318EE54318FFE708007F24D7 /* DynamicProperties.app */,
				318EE56418FFE709007F24D7 /* DynamicPropertiesTests.xctest */,
			);
			name = Products;
			sourceTree = "<group>";
		};
		318EE54518FFE708007F24D7 /* Frameworks */ = {
			isa = PBXGroup;
			children = (
				318EE54618FFE708007F24D7 /* Foundation.framework */,
				318EE54818FFE708007F24D7 /* CoreGraphics.framework */,
				318EE54A18FFE708007F24D7 /* UIKit.framework */,
				318EE56518FFE709007F24D7 /* XCTest.framework */,
				C5B31B04E0AD483580AE5460 /* libPods.a */,
			);
			name = Frameworks;
			sourceTree = "<group>";
		};
		318EE54C18FFE708007F24D7 /* DynamicProperties */ = {
			isa = PBXGroup;
			children = (
				318EE55518FFE708007F24D7 /* AppDelegate.h */,
				318EE55618FFE708007F24D7 /* AppDelegate.m */,
				318EE55E18FFE709007F24D7 /* Images.xcassets */,
				318EE54D18FFE708007F24D7 /* Supporting Files */,
				3112361918FFF28500020E6F /* RootClass.h */,
				3112361A18FFF28500020E6F /* RootClass.m */,
				3112361C1900998C00020E6F /* NSObject+DynamicProperties.h */,
				3112361D1900998C00020E6F /* NSObject+DynamicProperties.m */,
			);
			path = DynamicProperties;
			sourceTree = "<group>";
		};
		318EE54D18FFE708007F24D7 /* Supporting Files */ = {
			isa = PBXGroup;
			children = (
				318EE54E18FFE708007F24D7 /* DynamicProperties-Info.plist */,
				318EE54F18FFE708007F24D7 /* InfoPlist.strings */,
				318EE55218FFE708007F24D7 /* main.m */,
				318EE55418FFE708007F24D7 /* DynamicProperties-Prefix.pch */,
			);
			name = "Supporting Files";
			sourceTree = "<group>";
		};
		318EE56B18FFE709007F24D7 /* DynamicPropertiesTests */ = {
			isa = PBXGroup;
			children = (
				318EE57118FFE709007F24D7 /* DynamicPropertiesTestsSpec.m */,
				318EE56C18FFE709007F24D7 /* Supporting Files */,
			);
			path = DynamicPropertiesTests;
			sourceTree = "<group>";
		};
		318EE56C18FFE709007F24D7 /* Supporting Files */ = {
			isa = PBXGroup;
			children = (
				318EE56D18FFE709007F24D7 /* DynamicPropertiesTests-Info.plist */,
				318EE56E18FFE709007F24D7 /* InfoPlist.strings */,
			);
			name = "Supporting Files";
			sourceTree = "<group>";
		};
/* End PBXGroup section */

/* Begin PBXNativeTarget section */
		318EE54218FFE708007F24D7 /* DynamicProperties */ = {
			isa = PBXNativeTarget;
			buildConfigurationList = 318EE57518FFE709007F24D7 /* Build configuration list for PBXNativeTarget "DynamicProperties" */;
			buildPhases = (
				EC4B2635078243FFA44DFEBF /* Check Pods Manifest.lock */,
				318EE53F18FFE708007F24D7 /* Sources */,
				318EE54018FFE708007F24D7 /* Frameworks */,
				318EE54118FFE708007F24D7 /* Resources */,
				66112D2BA6564703A82DAC6E /* Copy Pods Resources */,
			);
			buildRules = (
			);
			dependencies = (
			);
			name = DynamicProperties;
			productName = DynamicProperties;
			productReference = 318EE54318FFE708007F24D7 /* DynamicProperties.app */;
			productType = "com.apple.product-type.application";
		};
		318EE56318FFE709007F24D7 /* DynamicPropertiesTests */ = {
			isa = PBXNativeTarget;
			buildConfigurationList = 318EE57818FFE709007F24D7 /* Build configuration list for PBXNativeTarget "DynamicPropertiesTests" */;
			buildPhases = (
				318EE56018FFE709007F24D7 /* Sources */,
				318EE56118FFE709007F24D7 /* Frameworks */,
				318EE56218FFE709007F24D7 /* Resources */,
			);
			buildRules = (
			);
			dependencies = (
				318EE56A18FFE709007F24D7 /* PBXTargetDependency */,
			);
			name = DynamicPropertiesTests;
			productName = DynamicPropertiesTests;
			productReference = 318EE56418FFE709007F24D7 /* DynamicPropertiesTests.xctest */;
			productType = "com.apple.product-type.bundle.unit-test";
		};
/* End PBXNativeTarget section */

/* Begin PBXProject section */
		318EE53B18FFE708007F24D7 /* Project object */ = {
			isa = PBXProject;
			attributes = {
				LastUpgradeCheck = 0510;
				ORGANIZATIONNAME = Synappse;
				TargetAttributes = {
					318EE56318FFE709007F24D7 = {
						TestTargetID = 318EE54218FFE708007F24D7;
					};
				};
			};
			buildConfigurationList = 318EE53E18FFE708007F24D7 /* Build configuration list for PBXProject "DynamicProperties" */;
			compatibilityVersion = "Xcode 3.2";
			developmentRegion = English;
			hasScannedForEncodings = 0;
			knownRegions = (
				en,
				Base,
			);
			mainGroup = 318EE53A18FFE708007F24D7;
			productRefGroup = 318EE54418FFE708007F24D7 /* Products */;
			projectDirPath = "";
			projectRoot = "";
			targets = (
				318EE54218FFE708007F24D7 /* DynamicProperties */,
				318EE56318FFE709007F24D7 /* DynamicPropertiesTests */,
			);
		};
/* End PBXProject section */

/* Begin PBXResourcesBuildPhase section */
		318EE54118FFE708007F24D7 /* Resources */ = {
			isa = PBXResourcesBuildPhase;
			buildActionMask = 2147483647;
			files = (
				318EE55F18FFE709007F24D7 /* Images.xcassets in Resources */,
				318EE55118FFE708007F24D7 /* InfoPlist.strings in Resources */,
			);
			runOnlyForDeploymentPostprocessing = 0;
		};
		318EE56218FFE709007F24D7 /* Resources */ = {
			isa = PBXResourcesBuildPhase;
			buildActionMask = 2147483647;
			files = (
				318EE57018FFE709007F24D7 /* InfoPlist.strings in Resources */,
			);
			runOnlyForDeploymentPostprocessing = 0;
		};
/* End PBXResourcesBuildPhase section */

/* Begin PBXShellScriptBuildPhase section */
		66112D2BA6564703A82DAC6E /* Copy Pods Resources */ = {
			isa = PBXShellScriptBuildPhase;
			buildActionMask = 2147483647;
			files = (
			);
			inputPaths = (
			);
			name = "Copy Pods Resources";
			outputPaths = (
			);
			runOnlyForDeploymentPostprocessing = 0;
			shellPath = /bin/sh;
			shellScript = "\"${SRCROOT}/Pods/Pods-resources.sh\"\n";
			showEnvVarsInLog = 0;
		};
		EC4B2635078243FFA44DFEBF /* Check Pods Manifest.lock */ = {
			isa = PBXShellScriptBuildPhase;
			buildActionMask = 2147483647;
			files = (
			);
			inputPaths = (
			);
			name = "Check Pods Manifest.lock";
			outputPaths = (
			);
			runOnlyForDeploymentPostprocessing = 0;
			shellPath = /bin/sh;
			shellScript = "diff \"${PODS_ROOT}/../Podfile.lock\" \"${PODS_ROOT}/Manifest.lock\" > /dev/null\nif [[ $? != 0 ]] ; then\n    cat << EOM\nerror: The sandbox is not in sync with the Podfile.lock. Run 'pod install' or update your CocoaPods installation.\nEOM\n    exit 1\nfi\n";
			showEnvVarsInLog = 0;
		};
/* End PBXShellScriptBuildPhase section */

/* Begin PBXSourcesBuildPhase section */
		318EE53F18FFE708007F24D7 /* Sources */ = {
			isa = PBXSourcesBuildPhase;
			buildActionMask = 2147483647;
			files = (
				3112361E1900998C00020E6F /* NSObject+DynamicProperties.m in Sources */,
				318EE55718FFE708007F24D7 /* AppDelegate.m in Sources */,
				318EE55318FFE708007F24D7 /* main.m in Sources */,
				3112361B18FFF28500020E6F /* RootClass.m in Sources */,
			);
			runOnlyForDeploymentPostprocessing = 0;
		};
		318EE56018FFE709007F24D7 /* Sources */ = {
			isa = PBXSourcesBuildPhase;
			buildActionMask = 2147483647;
			files = (
				3112361F190099ED00020E6F /* NSObject+DynamicProperties.m in Sources */,
				318EE57218FFE709007F24D7 /* DynamicPropertiesTestsSpec.m in Sources */,
			);
			runOnlyForDeploymentPostprocessing = 0;
		};
/* End PBXSourcesBuildPhase section */

/* Begin PBXTargetDependency section */
		318EE56A18FFE709007F24D7 /* PBXTargetDependency */ = {
			isa = PBXTargetDependency;
			target = 318EE54218FFE708007F24D7 /* DynamicProperties */;
			targetProxy = 318EE56918FFE709007F24D7 /* PBXContainerItemProxy */;
		};
/* End PBXTargetDependency section */

/* Begin PBXVariantGroup section */
		318EE54F18FFE708007F24D7 /* InfoPlist.strings */ = {
			isa = PBXVariantGroup;
			children = (
				318EE55018FFE708007F24D7 /* en */,
			);
			name = InfoPlist.strings;
			sourceTree = "<group>";
		};
		318EE56E18FFE709007F24D7 /* InfoPlist.strings */ = {
			isa = PBXVariantGroup;
			children = (
				318EE56F18FFE709007F24D7 /* en */,
			);
			name = InfoPlist.strings;
			sourceTree = "<group>";
		};
/* End PBXVariantGroup section */

/* Begin XCBuildConfiguration section */
		318EE57318FFE709007F24D7 /* Debug */ = {
			isa = XCBuildConfiguration;
			buildSettings = {
				ALWAYS_SEARCH_USER_PATHS = NO;
				CLANG_CXX_LANGUAGE_STANDARD = "gnu++0x";
				CLANG_CXX_LIBRARY = "libc++";
				CLANG_ENABLE_MODULES = YES;
				CLANG_ENABLE_OBJC_ARC = YES;
				CLANG_WARN_BOOL_CONVERSION = YES;
				CLANG_WARN_CONSTANT_CONVERSION = YES;
				CLANG_WARN_DIRECT_OBJC_ISA_USAGE = YES_ERROR;
				CLANG_WARN_EMPTY_BODY = YES;
				CLANG_WARN_ENUM_CONVERSION = YES;
				CLANG_WARN_INT_CONVERSION = YES;
				CLANG_WARN_OBJC_ROOT_CLASS = YES_ERROR;
				CLANG_WARN__DUPLICATE_METHOD_MATCH = YES;
				"CODE_SIGN_IDENTITY[sdk=iphoneos*]" = "iPhone Developer";
				COPY_PHASE_STRIP = NO;
				GCC_C_LANGUAGE_STANDARD = gnu99;
				GCC_DYNAMIC_NO_PIC = NO;
				GCC_OPTIMIZATION_LEVEL = 0;
				GCC_PREPROCESSOR_DEFINITIONS = (
					"DEBUG=1",
					"$(inherited)",
				);
				GCC_SYMBOLS_PRIVATE_EXTERN = NO;
				GCC_WARN_64_TO_32_BIT_CONVERSION = YES;
				GCC_WARN_ABOUT_RETURN_TYPE = YES_ERROR;
				GCC_WARN_UNDECLARED_SELECTOR = YES;
				GCC_WARN_UNINITIALIZED_AUTOS = YES_AGGRESSIVE;
				GCC_WARN_UNUSED_FUNCTION = YES;
				GCC_WARN_UNUSED_VARIABLE = YES;
				IPHONEOS_DEPLOYMENT_TARGET = 7.1;
				ONLY_ACTIVE_ARCH = YES;
				SDKROOT = iphoneos;
			};
			name = Debug;
		};
		318EE57418FFE709007F24D7 /* Release */ = {
			isa = XCBuildConfiguration;
			buildSettings = {
				ALWAYS_SEARCH_USER_PATHS = NO;
				CLANG_CXX_LANGUAGE_STANDARD = "gnu++0x";
				CLANG_CXX_LIBRARY = "libc++";
				CLANG_ENABLE_MODULES = YES;
				CLANG_ENABLE_OBJC_ARC = YES;
				CLANG_WARN_BOOL_CONVERSION = YES;
				CLANG_WARN_CONSTANT_CONVERSION = YES;
				CLANG_WARN_DIRECT_OBJC_ISA_USAGE = YES_ERROR;
				CLANG_WARN_EMPTY_BODY = YES;
				CLANG_WARN_ENUM_CONVERSION = YES;
				CLANG_WARN_INT_CONVERSION = YES;
				CLANG_WARN_OBJC_ROOT_CLASS = YES_ERROR;
				CLANG_WARN__DUPLICATE_METHOD_MATCH = YES;
				"CODE_SIGN_IDENTITY[sdk=iphoneos*]" = "iPhone Developer";
				COPY_PHASE_STRIP = YES;
				ENABLE_NS_ASSERTIONS = NO;
				GCC_C_LANGUAGE_STANDARD = gnu99;
				GCC_WARN_64_TO_32_BIT_CONVERSION = YES;
				GCC_WARN_ABOUT_RETURN_TYPE = YES_ERROR;
				GCC_WARN_UNDECLARED_SELECTOR = YES;
				GCC_WARN_UNINITIALIZED_AUTOS = YES_AGGRESSIVE;
				GCC_WARN_UNUSED_FUNCTION = YES;
				GCC_WARN_UNUSED_VARIABLE = YES;
				IPHONEOS_DEPLOYMENT_TARGET = 7.1;
				SDKROOT = iphoneos;
				VALIDATE_PRODUCT = YES;
			};
			name = Release;
		};
		318EE57618FFE709007F24D7 /* Debug */ = {
			isa = XCBuildConfiguration;
			baseConfigurationReference = 87AE1574EA5C4418AD2ACF5E /* Pods.xcconfig */;
			buildSettings = {
				ASSETCATALOG_COMPILER_APPICON_NAME = AppIcon;
				ASSETCATALOG_COMPILER_LAUNCHIMAGE_NAME = LaunchImage;
				GCC_PRECOMPILE_PREFIX_HEADER = YES;
				GCC_PREFIX_HEADER = "DynamicProperties/DynamicProperties-Prefix.pch";
				INFOPLIST_FILE = "DynamicProperties/DynamicProperties-Info.plist";
				PRODUCT_NAME = "$(TARGET_NAME)";
				WRAPPER_EXTENSION = app;
			};
			name = Debug;
		};
		318EE57718FFE709007F24D7 /* Release */ = {
			isa = XCBuildConfiguration;
			baseConfigurationReference = 87AE1574EA5C4418AD2ACF5E /* Pods.xcconfig */;
			buildSettings = {
				ASSETCATALOG_COMPILER_APPICON_NAME = AppIcon;
				ASSETCATALOG_COMPILER_LAUNCHIMAGE_NAME = LaunchImage;
				GCC_PRECOMPILE_PREFIX_HEADER = YES;
				GCC_PREFIX_HEADER = "DynamicProperties/DynamicProperties-Prefix.pch";
				INFOPLIST_FILE = "DynamicProperties/DynamicProperties-Info.plist";
				PRODUCT_NAME = "$(TARGET_NAME)";
				WRAPPER_EXTENSION = app;
			};
			name = Release;
		};
		318EE57918FFE709007F24D7 /* Debug */ = {
			isa = XCBuildConfiguration;
			buildSettings = {
				BUNDLE_LOADER = "$(BUILT_PRODUCTS_DIR)/DynamicProperties.app/DynamicProperties";
				FRAMEWORK_SEARCH_PATHS = (
					"$(SDKROOT)/Developer/Library/Frameworks",
					"$(inherited)",
					"$(DEVELOPER_FRAMEWORKS_DIR)",
				);
				GCC_PRECOMPILE_PREFIX_HEADER = YES;
				GCC_PREFIX_HEADER = "DynamicProperties/DynamicProperties-Prefix.pch";
				GCC_PREPROCESSOR_DEFINITIONS = (
					"DEBUG=1",
					"$(inherited)",
				);
				HEADER_SEARCH_PATHS = (
					"$(inherited)",
					/Applications/Xcode.app/Contents/Developer/Toolchains/XcodeDefault.xctoolchain/usr/include,
					"Pods/**",
				);
				INFOPLIST_FILE = "DynamicPropertiesTests/DynamicPropertiesTests-Info.plist";
				PRODUCT_NAME = "$(TARGET_NAME)";
				TEST_HOST = "$(BUNDLE_LOADER)";
				WRAPPER_EXTENSION = xctest;
			};
			name = Debug;
		};
		318EE57A18FFE709007F24D7 /* Release */ = {
			isa = XCBuildConfiguration;
			buildSettings = {
				BUNDLE_LOADER = "$(BUILT_PRODUCTS_DIR)/DynamicProperties.app/DynamicProperties";
				FRAMEWORK_SEARCH_PATHS = (
					"$(SDKROOT)/Developer/Library/Frameworks",
					"$(inherited)",
					"$(DEVELOPER_FRAMEWORKS_DIR)",
				);
				GCC_PRECOMPILE_PREFIX_HEADER = YES;
				GCC_PREFIX_HEADER = "DynamicProperties/DynamicProperties-Prefix.pch";
				HEADER_SEARCH_PATHS = (
					"$(inherited)",
					/Applications/Xcode.app/Contents/Developer/Toolchains/XcodeDefault.xctoolchain/usr/include,
					"Pods/**",
				);
				INFOPLIST_FILE = "DynamicPropertiesTests/DynamicPropertiesTests-Info.plist";
				PRODUCT_NAME = "$(TARGET_NAME)";
				TEST_HOST = "$(BUNDLE_LOADER)";
				WRAPPER_EXTENSION = xctest;
			};
			name = Release;
		};
/* End XCBuildConfiguration section */

/* Begin XCConfigurationList section */
		318EE53E18FFE708007F24D7 /* Build configuration list for PBXProject "DynamicProperties" */ = {
			isa = XCConfigurationList;
			buildConfigurations = (
				318EE57318FFE709007F24D7 /* Debug */,
				318EE57418FFE709007F24D7 /* Release */,
			);
			defaultConfigurationIsVisible = 0;
			defaultConfigurationName = Release;
		};
		318EE57518FFE709007F24D7 /* Build configuration list for PBXNativeTarget "DynamicProperties" */ = {
			isa = XCConfigurationList;
			buildConfigurations = (
				318EE57618FFE709007F24D7 /* Debug */,
				318EE57718FFE709007F24D7 /* Release */,
			);
			defaultConfigurationIsVisible = 0;
			defaultConfigurationName = Release;
		};
		318EE57818FFE709007F24D7 /* Build configuration list for PBXNativeTarget "DynamicPropertiesTests" */ = {
			isa = XCConfigurationList;
			buildConfigurations = (
				318EE57918FFE709007F24D7 /* Debug */,
				318EE57A18FFE709007F24D7 /* Release */,
			);
			defaultConfigurationIsVisible = 0;
			defaultConfigurationName = Release;
		};
/* End XCConfigurationList section */
	};
	rootObject = 318EE53B18FFE708007F24D7 /* Project object */;
}
